
Microsoft Visual Studio Solution File, Format Version 12.00
# Visual Studio Version 17
VisualStudioVersion = 17.13.35828.75 d17.13
MinimumVisualStudioVersion = 10.0.40219.1
Project("{FAE04EC0-301F-11D3-BF4B-00C04F79EFBC}") = "Web_based_ticket_management_WebAPI", "Web_based_ticket_management_WebAPI.csproj", "{53B94828-3A61-402D-81D0-A5385529F07A}"
EndProject
Global
	GlobalSection(SolutionConfigurationPlatforms) = preSolution
		Debug|Any CPU = Debug|Any CPU
		Release|Any CPU = Release|Any CPU
	EndGlobalSection
	GlobalSection(ProjectConfigurationPlatforms) = postSolution
		{53B94828-3A61-402D-81D0-A5385529F07A}.Debug|Any CPU.ActiveCfg = Debug|Any CPU
		{53B94828-3A61-402D-81D0-A5385529F07A}.Debug|Any CPU.Build.0 = Debug|Any CPU
		{53B94828-3A61-402D-81D0-A5385529F07A}.Release|Any CPU.ActiveCfg = Release|Any CPU
		{53B94828-3A61-402D-81D0-A5385529F07A}.Release|Any CPU.Build.0 = Release|Any CPU
	EndGlobalSection
	GlobalSection(SolutionProperties) = preSolution
		HideSolutionNode = FALSE
	EndGlobalSection
	GlobalSection(ExtensibilityGlobals) = postSolution
		SolutionGuid = {BBDD317F-65C5-41BD-A70B-A2402FE9A1D6}
	EndGlobalSection
EndGlobal
